
Microsoft Visual Studio Solution File, Format Version 12.00
# Visual Studio Version 16
VisualStudioVersion = 16.0.30709.132
MinimumVisualStudioVersion = 10.0.40219.1
Project("{9A19103F-16F7-4668-BE54-9A1E7A4F7556}") = "Cinema", "Cinema\Cinema.csproj", "{ECC4CD7F-8A74-478D-8997-E50EE5F0B36D}"
EndProject
Project("{9A19103F-16F7-4668-BE54-9A1E7A4F7556}") = "Cinema.Application", "Cinema.Application\Cinema.Application.csproj", "{68276049-B81B-475A-861B-7CA5F70B466B}"
EndProject
Project("{9A19103F-16F7-4668-BE54-9A1E7A4F7556}") = "Cinema.Domain", "Cinema.Domain\Cinema.Domain.csproj", "{92331595-B819-43ED-91E1-888F13363ECF}"
EndProject
Project("{FAE04EC0-301F-11D3-BF4B-00C04F79EFBC}") = "Cinema.Infrastructure", "Cinema.Infrastructure\Cinema.Infrastructure.csproj", "{887D6516-1B0E-4D01-9DCB-F6D7D634B8E7}"
EndProject
Project("{FAE04EC0-301F-11D3-BF4B-00C04F79EFBC}") = "Cinema.Domain.Test", "Cinema.Domain.Test\Cinema.Domain.Test.csproj", "{7CA418B8-34DE-4690-8D00-2A5DF09BA7E4}"
EndProject
Project("{2150E333-8FDC-42A3-9474-1A3956D46DE8}") = "Test", "Test", "{1313D217-7C5D-4AAA-8154-16F61D797493}"
EndProject
Global
	GlobalSection(SolutionConfigurationPlatforms) = preSolution
		Debug|Any CPU = Debug|Any CPU
		Release|Any CPU = Release|Any CPU
	EndGlobalSection
	GlobalSection(ProjectConfigurationPlatforms) = postSolution
		{ECC4CD7F-8A74-478D-8997-E50EE5F0B36D}.Debug|Any CPU.ActiveCfg = Debug|Any CPU
		{ECC4CD7F-8A74-478D-8997-E50EE5F0B36D}.Debug|Any CPU.Build.0 = Debug|Any CPU
		{ECC4CD7F-8A74-478D-8997-E50EE5F0B36D}.Release|Any CPU.ActiveCfg = Release|Any CPU
		{ECC4CD7F-8A74-478D-8997-E50EE5F0B36D}.Release|Any CPU.Build.0 = Release|Any CPU
		{68276049-B81B-475A-861B-7CA5F70B466B}.Debug|Any CPU.ActiveCfg = Debug|Any CPU
		{68276049-B81B-475A-861B-7CA5F70B466B}.Debug|Any CPU.Build.0 = Debug|Any CPU
		{68276049-B81B-475A-861B-7CA5F70B466B}.Release|Any CPU.ActiveCfg = Release|Any CPU
		{68276049-B81B-475A-861B-7CA5F70B466B}.Release|Any CPU.Build.0 = Release|Any CPU
		{92331595-B819-43ED-91E1-888F13363ECF}.Debug|Any CPU.ActiveCfg = Debug|Any CPU
		{92331595-B819-43ED-91E1-888F13363ECF}.Debug|Any CPU.Build.0 = Debug|Any CPU
		{92331595-B819-43ED-91E1-888F13363ECF}.Release|Any CPU.ActiveCfg = Release|Any CPU
		{92331595-B819-43ED-91E1-888F13363ECF}.Release|Any CPU.Build.0 = Release|Any CPU
		{887D6516-1B0E-4D01-9DCB-F6D7D634B8E7}.Debug|Any CPU.ActiveCfg = Debug|Any CPU
		{887D6516-1B0E-4D01-9DCB-F6D7D634B8E7}.Debug|Any CPU.Build.0 = Debug|Any CPU
		{887D6516-1B0E-4D01-9DCB-F6D7D634B8E7}.Release|Any CPU.ActiveCfg = Release|Any CPU
		{887D6516-1B0E-4D01-9DCB-F6D7D634B8E7}.Release|Any CPU.Build.0 = Release|Any CPU
		{7CA418B8-34DE-4690-8D00-2A5DF09BA7E4}.Debug|Any CPU.ActiveCfg = Debug|Any CPU
		{7CA418B8-34DE-4690-8D00-2A5DF09BA7E4}.Debug|Any CPU.Build.0 = Debug|Any CPU
		{7CA418B8-34DE-4690-8D00-2A5DF09BA7E4}.Release|Any CPU.ActiveCfg = Release|Any CPU
		{7CA418B8-34DE-4690-8D00-2A5DF09BA7E4}.Release|Any CPU.Build.0 = Release|Any CPU
	EndGlobalSection
	GlobalSection(SolutionProperties) = preSolution
		HideSolutionNode = FALSE
	EndGlobalSection
	GlobalSection(NestedProjects) = preSolution
		{7CA418B8-34DE-4690-8D00-2A5DF09BA7E4} = {1313D217-7C5D-4AAA-8154-16F61D797493}
	EndGlobalSection
	GlobalSection(ExtensibilityGlobals) = postSolution
		SolutionGuid = {C445D06D-35AB-4D4F-A353-CBE937A8736F}
	EndGlobalSection
EndGlobal
